# This file is automatically @generated by Cargo.
# It is not intended for manual editing.
version = 3

[[package]]
name = "ahash"
version = "0.7.8"
source = "registry+https://github.com/rust-lang/crates.io-index"
checksum = "891477e0c6a8957309ee5c45a6368af3ae14bb510732d2684ffa19af310920f9"
dependencies = [
 "getrandom",
 "once_cell",
 "version_check",
]

[[package]]
name = "autocfg"
version = "1.4.0"
source = "registry+https://github.com/rust-lang/crates.io-index"
checksum = "ace50bade8e6234aa140d9a2f552bbee1db4d353f69b8217bc503490fc1a9f26"

[[package]]
name = "bitflags"
version = "1.3.2"
source = "registry+https://github.com/rust-lang/crates.io-index"
checksum = "bef38d45163c2f1dde094a7dfd33ccf595c92905c8f8f4fdc18d06fb1037718a"

[[package]]
name = "bumpalo"
version = "2.5.0"
source = "registry+https://github.com/rust-lang/crates.io-index"
checksum = "2cd43d82f27d68911e6ee11ee791fb248f138f5d69424dc02e098d4f152b0b05"

[[package]]
name = "cfg-if"
version = "0.1.9"
source = "registry+https://github.com/rust-lang/crates.io-index"
checksum = "b486ce3ccf7ffd79fdeb678eac06a9e6c09fc88d33836340becb8fffe87c5e33"

[[package]]
name = "cfg-if"
version = "1.0.1"
source = "registry+https://github.com/rust-lang/crates.io-index"
checksum = "9555578bc9e57714c812a1f84e4fc5b4d21fcb063490c624de019f7464c91268"

[[package]]
name = "getrandom"
version = "0.2.16"
source = "registry+https://github.com/rust-lang/crates.io-index"
checksum = "335ff9f135e4384c8150d6f27c6daed433577f86b4750418338c01a1a2528592"
dependencies = [
 "cfg-if 1.0.1",
 "libc",
 "wasi",
]

[[package]]
name = "hashbrown"
version = "0.12.3"
source = "registry+https://github.com/rust-lang/crates.io-index"
checksum = "8a9ee70c43aaf417c914396645a0fa852624801b24ebb7ae78fe8272889ac888"
dependencies = [
 "ahash",
]

[[package]]
name = "instant"
version = "0.1.13"
source = "registry+https://github.com/rust-lang/crates.io-index"
checksum = "e0242819d153cba4b4b05a5a8f2a7e9bbf97b6055b2a002b395c96b5ff3c0222"
dependencies = [
 "cfg-if 1.0.1",
]

[[package]]
name = "lazy_static"
version = "1.3.0"
source = "registry+https://github.com/rust-lang/crates.io-index"
checksum = "bc5729f27f159ddd61f4df6228e827e86643d4d3e7c32183cb30a1c08f604a14"

[[package]]
name = "libc"
version = "0.2.172"
source = "registry+https://github.com/rust-lang/crates.io-index"
checksum = "d750af042f7ef4f724306de029d18836c26c1765a54a6a3f094cbd23a7267ffa"

[[package]]
name = "libm"
version = "0.2.15"
source = "registry+https://github.com/rust-lang/crates.io-index"
checksum = "f9fbbcab51052fe104eb5e5d351cf728d30a5be1fe14d9be8a3b097481fb97de"

[[package]]
name = "lock_api"
version = "0.4.13"
source = "registry+https://github.com/rust-lang/crates.io-index"
checksum = "96936507f153605bddfcda068dd804796c84324ed2510809e5b2a624c81da765"
dependencies = [
 "autocfg",
 "scopeguard",
]

[[package]]
name = "log"
version = "0.4.8"
source = "registry+https://github.com/rust-lang/crates.io-index"
checksum = "14b6052be84e6b71ab17edffc2eeabf5c2c3ae1fdb464aae35ac50c67a44e1f7"
dependencies = [
 "cfg-if 0.1.9",
]

[[package]]
name = "lru"
version = "0.7.8"
source = "registry+https://github.com/rust-lang/crates.io-index"
checksum = "e999beba7b6e8345721bd280141ed958096a2e4abdf74f67ff4ce49b4b54e47a"
dependencies = [
 "hashbrown",
]

[[package]]
name = "memory_units"
version = "0.4.0"
source = "registry+https://github.com/rust-lang/crates.io-index"
checksum = "8452105ba047068f40ff7093dd1d9da90898e63dd61736462e9cdda6a90ad3c3"

[[package]]
name = "once_cell"
version = "1.21.3"
source = "registry+https://github.com/rust-lang/crates.io-index"
checksum = "42f5e15c9953c5e4ccceeb2e7382a716482c34515315f7b03532b8b4e8393d2d"

[[package]]
name = "parking_lot"
version = "0.11.2"
source = "registry+https://github.com/rust-lang/crates.io-index"
checksum = "7d17b78036a60663b797adeaee46f5c9dfebb86948d1255007a1d6be0271ff99"
dependencies = [
 "instant",
 "lock_api",
 "parking_lot_core",
]

[[package]]
name = "parking_lot_core"
version = "0.8.6"
source = "registry+https://github.com/rust-lang/crates.io-index"
checksum = "60a2cfe6f0ad2bfc16aefa463b497d5c7a5ecd44a23efa72aa342d90177356dc"
dependencies = [
 "cfg-if 1.0.1",
 "instant",
 "libc",
 "redox_syscall",
 "smallvec",
 "winapi",
]

[[package]]
name = "proc-macro2"
version = "1.0.1"
source = "registry+https://github.com/rust-lang/crates.io-index"
checksum = "4c5c2380ae88876faae57698be9e9775e3544decad214599c3a6266cca6ac802"
dependencies = [
 "unicode-xid",
]

[[package]]
name = "quote"
version = "1.0.2"
source = "registry+https://github.com/rust-lang/crates.io-index"
checksum = "053a8c8bcc71fcce321828dc897a98ab9760bef03a4fc36693c231e5b3216cfe"
dependencies = [
 "proc-macro2",
]

[[package]]
name = "redox_syscall"
version = "0.2.16"
source = "registry+https://github.com/rust-lang/crates.io-index"
checksum = "fb5a58c1855b4b6819d59012155603f0b22ad30cad752600aadfcb695265519a"
dependencies = [
 "bitflags",
]

[[package]]
name = "reed-solomon-erasure"
version = "0.2.4"
dependencies = [
 "reed-solomon-erasure 6.0.0",
 "wasm-bindgen",
 "wee_alloc",
]

[[package]]
name = "reed-solomon-erasure"
version = "6.0.0"
source = "registry+https://github.com/rust-lang/crates.io-index"
checksum = "7263373d500d4d4f505d43a2a662d475a894aa94503a1ee28e9188b5f3960d4f"
dependencies = [
 "libm",
 "lru",
 "parking_lot",
 "smallvec",
 "spin",
]

[[package]]
name = "scopeguard"
version = "1.2.0"
source = "registry+https://github.com/rust-lang/crates.io-index"
checksum = "94143f37725109f92c262ed2cf5e59bce7498c01bcc1502d7b9afe439a4e9f49"

[[package]]
name = "smallvec"
version = "1.15.1"
source = "registry+https://github.com/rust-lang/crates.io-index"
checksum = "67b1b7a3b5fe4f1376887184045fcf45c69e92af734b7aaddc05fb777b6fbd03"

[[package]]
name = "spin"
version = "0.9.8"
source = "registry+https://github.com/rust-lang/crates.io-index"
checksum = "6980e8d7511241f8acf4aebddbb1ff938df5eebe98691418c4468d0b72a96a67"

[[package]]
name = "syn"
version = "1.0.3"
source = "registry+https://github.com/rust-lang/crates.io-index"
checksum = "158521e6f544e7e3dcfc370ac180794aa38cb34a1b1e07609376d4adcf429b93"
dependencies = [
 "proc-macro2",
 "quote",
 "unicode-xid",
]

[[package]]
name = "unicode-xid"
version = "0.2.0"
source = "registry+https://github.com/rust-lang/crates.io-index"
checksum = "826e7639553986605ec5979c7dd957c7895e93eabed50ab2ffa7f6128a75097c"

[[package]]
name = "unreachable"
version = "1.0.0"
source = "registry+https://github.com/rust-lang/crates.io-index"
checksum = "382810877fe448991dfc7f0dd6e3ae5d58088fd0ea5e35189655f84e6814fa56"
dependencies = [
 "void",
]

[[package]]
name = "version_check"
version = "0.9.5"
source = "registry+https://github.com/rust-lang/crates.io-index"
checksum = "0b928f33d975fc6ad9f86c8f283853ad26bdd5b10b7f1542aa2fa15e2289105a"

[[package]]
name = "void"
version = "1.0.2"
source = "registry+https://github.com/rust-lang/crates.io-index"
checksum = "6a02e4885ed3bc0f2de90ea6dd45ebcbb66dacffe03547fadbb0eeae2770887d"

[[package]]
name = "wasi"
version = "0.11.1+wasi-snapshot-preview1"
source = "registry+https://github.com/rust-lang/crates.io-index"
checksum = "ccf3ec651a847eb01de73ccad15eb7d99f80485de043efb2f370cd654f4ea44b"

[[package]]
name = "wasm-bindgen"
version = "0.2.49"
source = "registry+https://github.com/rust-lang/crates.io-index"
checksum = "220f01bcb6b306c063e3283f97dd974bcab4e5affed2b654bae1a22d0d99c3aa"
dependencies = [
 "cfg-if 0.1.9",
 "wasm-bindgen-macro",
]

[[package]]
name = "wasm-bindgen-backend"
version = "0.2.49"
source = "registry+https://github.com/rust-lang/crates.io-index"
checksum = "8894c95e23cc5082786192ebbd2ac0e31e9f77a022132ba03e8b8de32a2323c6"
dependencies = [
 "bumpalo",
 "lazy_static",
 "log",
 "proc-macro2",
 "quote",
 "syn",
 "wasm-bindgen-shared",
]

[[package]]
name = "wasm-bindgen-macro"
version = "0.2.49"
source = "registry+https://github.com/rust-lang/crates.io-index"
checksum = "ec031a3190c51dda28c9f3623e2674e58c79f6d88c020c2157417fcf62298a3f"
dependencies = [
 "quote",
 "wasm-bindgen-macro-support",
]

[[package]]
name = "wasm-bindgen-macro-support"
version = "0.2.49"
source = "registry+https://github.com/rust-lang/crates.io-index"
checksum = "3b7cad0ab0bb5fefbb770279f522dcebb6433585174d93ea648390f61db57401"
dependencies = [
 "proc-macro2",
 "quote",
 "syn",
 "wasm-bindgen-backend",
 "wasm-bindgen-shared",
]

[[package]]
name = "wasm-bindgen-shared"
version = "0.2.49"
source = "registry+https://github.com/rust-lang/crates.io-index"
checksum = "9142625bbb0d70710b3f2a6b20924c80fa182b05888b6bd21600ab9075673563"

[[package]]
name = "wee_alloc"
version = "0.4.4"
source = "registry+https://github.com/rust-lang/crates.io-index"
checksum = "31d4e6572d21ac55398bc91db827f48c3fdb8152ae60f4c358f6780e1035ffcc"
dependencies = [
 "cfg-if 0.1.9",
 "libc",
 "memory_units",
 "unreachable",
 "winapi",
]

[[package]]
name = "winapi"
version = "0.3.9"
source = "registry+https://github.com/rust-lang/crates.io-index"
checksum = "5c839a674fcd7a98952e593242ea400abe93992746761e38641405d28b00f419"
dependencies = [
 "winapi-i686-pc-windows-gnu",
 "winapi-x86_64-pc-windows-gnu",
]

[[package]]
name = "winapi-i686-pc-windows-gnu"
version = "0.4.0"
source = "registry+https://github.com/rust-lang/crates.io-index"
checksum = "ac3b87c63620426dd9b991e5ce0329eff545bccbbb34f3be09ff6fb6ab51b7b6"

[[package]]
name = "winapi-x86_64-pc-windows-gnu"
version = "0.4.0"
source = "registry+https://github.com/rust-lang/crates.io-index"
checksum = "712e227841d057c1ee1cd2fb22fa7e5a5461ae8e48fa2ca79ec42cfc1931183f"
